// !$*UTF8*$!
{
	archiveVersion = 1;
	classes = {
	};
	objectVersion = 51;
	objects = {

/* Begin PBXBuildFile section */
		1AF53D7726981AB000124197 /* AppDelegate.swift in Sources */ = {isa = PBXBuildFile; fileRef = 1AF53D7626981AB000124197 /* AppDelegate.swift */; };
		1AF53D7926981AB000124197 /* SceneDelegate.swift in Sources */ = {isa = PBXBuildFile; fileRef = 1AF53D7826981AB000124197 /* SceneDelegate.swift */; };
		1AF53D7E26981AB000124197 /* Main.storyboard in Resources */ = {isa = PBXBuildFile; fileRef = 1AF53D7C26981AB000124197 /* Main.storyboard */; };
		1AF53D8026981AB200124197 /* Assets.xcassets in Resources */ = {isa = PBXBuildFile; fileRef = 1AF53D7F26981AB200124197 /* Assets.xcassets */; };
		1AF53D8326981AB200124197 /* LaunchScreen.storyboard in Resources */ = {isa = PBXBuildFile; fileRef = 1AF53D8126981AB200124197 /* LaunchScreen.storyboard */; };
		1AF53D8C26982BA000124197 /* FolderViewController.swift in Sources */ = {isa = PBXBuildFile; fileRef = 1AF53D8B26982BA000124197 /* FolderViewController.swift */; };
		1AF53D8E26982D5200124197 /* MissionInProgressViewController.swift in Sources */ = {isa = PBXBuildFile; fileRef = 1AF53D8D26982D5200124197 /* MissionInProgressViewController.swift */; };
		1AF53D9026982D6D00124197 /* CalenderViewController.swift in Sources */ = {isa = PBXBuildFile; fileRef = 1AF53D8F26982D6D00124197 /* CalenderViewController.swift */; };
		1AF53D9226982DD400124197 /* SettingViewController.swift in Sources */ = {isa = PBXBuildFile; fileRef = 1AF53D9126982DD400124197 /* SettingViewController.swift */; };
		1AF53D96269AB01600124197 /* SignUpViewController.swift in Sources */ = {isa = PBXBuildFile; fileRef = 1AF53D95269AB01600124197 /* SignUpViewController.swift */; };
		1AF53D98269AB04000124197 /* LoginViewController.swift in Sources */ = {isa = PBXBuildFile; fileRef = 1AF53D97269AB04000124197 /* LoginViewController.swift */; };
		1AF53D9A269AB07F00124197 /* CreateNewBingoSheetViewController.swift in Sources */ = {isa = PBXBuildFile; fileRef = 1AF53D99269AB07F00124197 /* CreateNewBingoSheetViewController.swift */; };
		1AF53D9C269AB0D200124197 /* EditBingoSheetViewController.swift in Sources */ = {isa = PBXBuildFile; fileRef = 1AF53D9B269AB0D200124197 /* EditBingoSheetViewController.swift */; };
		1AF53D9F269AB35B00124197 /* BingoSheet.swift in Sources */ = {isa = PBXBuildFile; fileRef = 1AF53D9E269AB35B00124197 /* BingoSheet.swift */; };
		1AF53DA1269AB48700124197 /* GoogleService-Info.plist in Resources */ = {isa = PBXBuildFile; fileRef = 1AF53DA0269AB48700124197 /* GoogleService-Info.plist */; };
		1AF53DA4269BD59400124197 /* CreateNewBingoSheet.storyboard in Resources */ = {isa = PBXBuildFile; fileRef = 1AF53DA3269BD59400124197 /* CreateNewBingoSheet.storyboard */; };
		1AF53DA6269BD62300124197 /* EditBingoSheet.storyboard in Resources */ = {isa = PBXBuildFile; fileRef = 1AF53DA5269BD62300124197 /* EditBingoSheet.storyboard */; };
		936D6B4EF3E715BD974D723E /* Pods_Mission.framework in Frameworks */ = {isa = PBXBuildFile; fileRef = AF69F015799625E4ED317719 /* Pods_Mission.framework */; };
/* End PBXBuildFile section */

/* Begin PBXFileReference section */
		1AF53D7326981AB000124197 /* Mission.app */ = {isa = PBXFileReference; explicitFileType = wrapper.application; includeInIndex = 0; path = Mission.app; sourceTree = BUILT_PRODUCTS_DIR; };
		1AF53D7626981AB000124197 /* AppDelegate.swift */ = {isa = PBXFileReference; lastKnownFileType = sourcecode.swift; path = AppDelegate.swift; sourceTree = "<group>"; };
		1AF53D7826981AB000124197 /* SceneDelegate.swift */ = {isa = PBXFileReference; lastKnownFileType = sourcecode.swift; path = SceneDelegate.swift; sourceTree = "<group>"; };
		1AF53D7D26981AB000124197 /* Base */ = {isa = PBXFileReference; lastKnownFileType = file.storyboard; name = Base; path = Base.lproj/Main.storyboard; sourceTree = "<group>"; };
		1AF53D7F26981AB200124197 /* Assets.xcassets */ = {isa = PBXFileReference; lastKnownFileType = folder.assetcatalog; path = Assets.xcassets; sourceTree = "<group>"; };
		1AF53D8226981AB200124197 /* Base */ = {isa = PBXFileReference; lastKnownFileType = file.storyboard; name = Base; path = Base.lproj/LaunchScreen.storyboard; sourceTree = "<group>"; };
		1AF53D8426981AB200124197 /* Info.plist */ = {isa = PBXFileReference; lastKnownFileType = text.plist.xml; path = Info.plist; sourceTree = "<group>"; };
		1AF53D8B26982BA000124197 /* FolderViewController.swift */ = {isa = PBXFileReference; lastKnownFileType = sourcecode.swift; path = FolderViewController.swift; sourceTree = "<group>"; };
		1AF53D8D26982D5200124197 /* MissionInProgressViewController.swift */ = {isa = PBXFileReference; lastKnownFileType = sourcecode.swift; path = MissionInProgressViewController.swift; sourceTree = "<group>"; };
		1AF53D8F26982D6D00124197 /* CalenderViewController.swift */ = {isa = PBXFileReference; lastKnownFileType = sourcecode.swift; path = CalenderViewController.swift; sourceTree = "<group>"; };
		1AF53D9126982DD400124197 /* SettingViewController.swift */ = {isa = PBXFileReference; lastKnownFileType = sourcecode.swift; path = SettingViewController.swift; sourceTree = "<group>"; };
		1AF53D95269AB01600124197 /* SignUpViewController.swift */ = {isa = PBXFileReference; lastKnownFileType = sourcecode.swift; path = SignUpViewController.swift; sourceTree = "<group>"; };
		1AF53D97269AB04000124197 /* LoginViewController.swift */ = {isa = PBXFileReference; lastKnownFileType = sourcecode.swift; path = LoginViewController.swift; sourceTree = "<group>"; };
		1AF53D99269AB07F00124197 /* CreateNewBingoSheetViewController.swift */ = {isa = PBXFileReference; lastKnownFileType = sourcecode.swift; path = CreateNewBingoSheetViewController.swift; sourceTree = "<group>"; };
		1AF53D9B269AB0D200124197 /* EditBingoSheetViewController.swift */ = {isa = PBXFileReference; lastKnownFileType = sourcecode.swift; path = EditBingoSheetViewController.swift; sourceTree = "<group>"; };
		1AF53D9E269AB35B00124197 /* BingoSheet.swift */ = {isa = PBXFileReference; lastKnownFileType = sourcecode.swift; path = BingoSheet.swift; sourceTree = "<group>"; };
		1AF53DA0269AB48700124197 /* GoogleService-Info.plist */ = {isa = PBXFileReference; fileEncoding = 4; lastKnownFileType = text.plist.xml; path = "GoogleService-Info.plist"; sourceTree = "<group>"; };
		1AF53DA3269BD59400124197 /* CreateNewBingoSheet.storyboard */ = {isa = PBXFileReference; lastKnownFileType = file.storyboard; path = CreateNewBingoSheet.storyboard; sourceTree = "<group>"; };
		1AF53DA5269BD62300124197 /* EditBingoSheet.storyboard */ = {isa = PBXFileReference; lastKnownFileType = file.storyboard; path = EditBingoSheet.storyboard; sourceTree = "<group>"; };
		A2450B72E47BBCA473C374D2 /* Pods-Mission.debug.xcconfig */ = {isa = PBXFileReference; includeInIndex = 1; lastKnownFileType = text.xcconfig; name = "Pods-Mission.debug.xcconfig"; path = "Target Support Files/Pods-Mission/Pods-Mission.debug.xcconfig"; sourceTree = "<group>"; };
		A24E4A19748CE46E21CDF486 /* Pods-Mission.release.xcconfig */ = {isa = PBXFileReference; includeInIndex = 1; lastKnownFileType = text.xcconfig; name = "Pods-Mission.release.xcconfig"; path = "Target Support Files/Pods-Mission/Pods-Mission.release.xcconfig"; sourceTree = "<group>"; };
		AF69F015799625E4ED317719 /* Pods_Mission.framework */ = {isa = PBXFileReference; explicitFileType = wrapper.framework; includeInIndex = 0; path = Pods_Mission.framework; sourceTree = BUILT_PRODUCTS_DIR; };
/* End PBXFileReference section */

/* Begin PBXFrameworksBuildPhase section */
		1AF53D7026981AB000124197 /* Frameworks */ = {
			isa = PBXFrameworksBuildPhase;
			buildActionMask = 2147483647;
			files = (
				936D6B4EF3E715BD974D723E /* Pods_Mission.framework in Frameworks */,
			);
			runOnlyForDeploymentPostprocessing = 0;
		};
/* End PBXFrameworksBuildPhase section */

/* Begin PBXGroup section */
		1AF53D6A26981AB000124197 = {
			isa = PBXGroup;
			children = (
				1AF53D7526981AB000124197 /* Mission */,
				1AF53D7426981AB000124197 /* Products */,
				77A91C04A997AEB003384887 /* Pods */,
				CAEFC94828A43F0A09BC9B2B /* Frameworks */,
			);
			sourceTree = "<group>";
		};
		1AF53D7426981AB000124197 /* Products */ = {
			isa = PBXGroup;
			children = (
				1AF53D7326981AB000124197 /* Mission.app */,
			);
			name = Products;
			sourceTree = "<group>";
		};
		1AF53D7526981AB000124197 /* Mission */ = {
			isa = PBXGroup;
			children = (
				1AF53D9D269AB0E800124197 /* Models */,
				1AF53D8A26982B6A00124197 /* ViewControllers */,
				1AF53DA2269BD4AB00124197 /* StoryBoards */,
				1AF53D7626981AB000124197 /* AppDelegate.swift */,
				1AF53D7826981AB000124197 /* SceneDelegate.swift */,
				1AF53D7F26981AB200124197 /* Assets.xcassets */,
				1AF53D8126981AB200124197 /* LaunchScreen.storyboard */,
				1AF53D8426981AB200124197 /* Info.plist */,
				1AF53DA0269AB48700124197 /* GoogleService-Info.plist */,
			);
			path = Mission;
			sourceTree = "<group>";
		};
		1AF53D8A26982B6A00124197 /* ViewControllers */ = {
			isa = PBXGroup;
			children = (
				1AF53D9326982E2700124197 /* CoreTabs */,
				1AF53D9426982E6900124197 /* Other */,
			);
			path = ViewControllers;
			sourceTree = "<group>";
		};
		1AF53D9326982E2700124197 /* CoreTabs */ = {
			isa = PBXGroup;
			children = (
				1AF53D8B26982BA000124197 /* FolderViewController.swift */,
				1AF53D8D26982D5200124197 /* MissionInProgressViewController.swift */,
				1AF53D8F26982D6D00124197 /* CalenderViewController.swift */,
				1AF53D9126982DD400124197 /* SettingViewController.swift */,
			);
			path = CoreTabs;
			sourceTree = "<group>";
		};
		1AF53D9426982E6900124197 /* Other */ = {
			isa = PBXGroup;
			children = (
				1AF53D95269AB01600124197 /* SignUpViewController.swift */,
				1AF53D97269AB04000124197 /* LoginViewController.swift */,
				1AF53D99269AB07F00124197 /* CreateNewBingoSheetViewController.swift */,
				1AF53D9B269AB0D200124197 /* EditBingoSheetViewController.swift */,
			);
			path = Other;
			sourceTree = "<group>";
		};
		1AF53D9D269AB0E800124197 /* Models */ = {
			isa = PBXGroup;
			children = (
				1AF53D9E269AB35B00124197 /* BingoSheet.swift */,
			);
			path = Models;
			sourceTree = "<group>";
		};
		1AF53DA2269BD4AB00124197 /* StoryBoards */ = {
			isa = PBXGroup;
			children = (
				1AF53D7C26981AB000124197 /* Main.storyboard */,
				1AF53DA3269BD59400124197 /* CreateNewBingoSheet.storyboard */,
				1AF53DA5269BD62300124197 /* EditBingoSheet.storyboard */,
			);
			path = StoryBoards;
			sourceTree = "<group>";
		};
		77A91C04A997AEB003384887 /* Pods */ = {
			isa = PBXGroup;
			children = (
				A2450B72E47BBCA473C374D2 /* Pods-Mission.debug.xcconfig */,
				A24E4A19748CE46E21CDF486 /* Pods-Mission.release.xcconfig */,
			);
			path = Pods;
			sourceTree = "<group>";
		};
		CAEFC94828A43F0A09BC9B2B /* Frameworks */ = {
			isa = PBXGroup;
			children = (
				AF69F015799625E4ED317719 /* Pods_Mission.framework */,
			);
			name = Frameworks;
			sourceTree = "<group>";
		};
/* End PBXGroup section */

/* Begin PBXNativeTarget section */
		1AF53D7226981AB000124197 /* Mission */ = {
			isa = PBXNativeTarget;
			buildConfigurationList = 1AF53D8726981AB200124197 /* Build configuration list for PBXNativeTarget "Mission" */;
			buildPhases = (
				D8761CC90AF667397C77A30D /* [CP] Check Pods Manifest.lock */,
				1AF53D6F26981AB000124197 /* Sources */,
				1AF53D7026981AB000124197 /* Frameworks */,
				1AF53D7126981AB000124197 /* Resources */,
				6238EA86FA7280098A7C35D9 /* [CP] Embed Pods Frameworks */,
			);
			buildRules = (
			);
			dependencies = (
			);
			name = Mission;
			productName = Mission;
			productReference = 1AF53D7326981AB000124197 /* Mission.app */;
			productType = "com.apple.product-type.application";
		};
/* End PBXNativeTarget section */

/* Begin PBXProject section */
		1AF53D6B26981AB000124197 /* Project object */ = {
			isa = PBXProject;
			attributes = {
				LastSwiftUpdateCheck = 1250;
				LastUpgradeCheck = 1250;
				TargetAttributes = {
					1AF53D7226981AB000124197 = {
						CreatedOnToolsVersion = 12.5.1;
					};
				};
			};
			buildConfigurationList = 1AF53D6E26981AB000124197 /* Build configuration list for PBXProject "Mission" */;
			compatibilityVersion = "Xcode 9.3";
			developmentRegion = en;
			hasScannedForEncodings = 0;
			knownRegions = (
				en,
				Base,
			);
			mainGroup = 1AF53D6A26981AB000124197;
			productRefGroup = 1AF53D7426981AB000124197 /* Products */;
			projectDirPath = "";
			projectRoot = "";
			targets = (
				1AF53D7226981AB000124197 /* Mission */,
			);
		};
/* End PBXProject section */

/* Begin PBXResourcesBuildPhase section */
		1AF53D7126981AB000124197 /* Resources */ = {
			isa = PBXResourcesBuildPhase;
			buildActionMask = 2147483647;
			files = (
				1AF53DA1269AB48700124197 /* GoogleService-Info.plist in Resources */,
				1AF53DA4269BD59400124197 /* CreateNewBingoSheet.storyboard in Resources */,
				1AF53DA6269BD62300124197 /* EditBingoSheet.storyboard in Resources */,
				1AF53D8326981AB200124197 /* LaunchScreen.storyboard in Resources */,
				1AF53D8026981AB200124197 /* Assets.xcassets in Resources */,
				1AF53D7E26981AB000124197 /* Main.storyboard in Resources */,
			);
			runOnlyForDeploymentPostprocessing = 0;
		};
/* End PBXResourcesBuildPhase section */

/* Begin PBXShellScriptBuildPhase section */
		6238EA86FA7280098A7C35D9 /* [CP] Embed Pods Frameworks */ = {
			isa = PBXShellScriptBuildPhase;
			buildActionMask = 2147483647;
			files = (
			);
			inputFileListPaths = (
				"${PODS_ROOT}/Target Support Files/Pods-Mission/Pods-Mission-frameworks-${CONFIGURATION}-input-files.xcfilelist",
			);
			name = "[CP] Embed Pods Frameworks";
			outputFileListPaths = (
				"${PODS_ROOT}/Target Support Files/Pods-Mission/Pods-Mission-frameworks-${CONFIGURATION}-output-files.xcfilelist",
			);
			runOnlyForDeploymentPostprocessing = 0;
			shellPath = /bin/sh;
			shellScript = "\"${PODS_ROOT}/Target Support Files/Pods-Mission/Pods-Mission-frameworks.sh\"\n";
			showEnvVarsInLog = 0;
		};
		D8761CC90AF667397C77A30D /* [CP] Check Pods Manifest.lock */ = {
			isa = PBXShellScriptBuildPhase;
			buildActionMask = 2147483647;
			files = (
			);
			inputFileListPaths = (
			);
			inputPaths = (
				"${PODS_PODFILE_DIR_PATH}/Podfile.lock",
				"${PODS_ROOT}/Manifest.lock",
			);
			name = "[CP] Check Pods Manifest.lock";
			outputFileListPaths = (
			);
			outputPaths = (
				"$(DERIVED_FILE_DIR)/Pods-Mission-checkManifestLockResult.txt",
			);
			runOnlyForDeploymentPostprocessing = 0;
			shellPath = /bin/sh;
			shellScript = "diff \"${PODS_PODFILE_DIR_PATH}/Podfile.lock\" \"${PODS_ROOT}/Manifest.lock\" > /dev/null\nif [ $? != 0 ] ; then\n    # print error to STDERR\n    echo \"error: The sandbox is not in sync with the Podfile.lock. Run 'pod install' or update your CocoaPods installation.\" >&2\n    exit 1\nfi\n# This output is used by Xcode 'outputs' to avoid re-running this script phase.\necho \"SUCCESS\" > \"${SCRIPT_OUTPUT_FILE_0}\"\n";
			showEnvVarsInLog = 0;
		};
/* End PBXShellScriptBuildPhase section */

/* Begin PBXSourcesBuildPhase section */
		1AF53D6F26981AB000124197 /* Sources */ = {
			isa = PBXSourcesBuildPhase;
			buildActionMask = 2147483647;
			files = (
				1AF53D9026982D6D00124197 /* CalenderViewController.swift in Sources */,
				1AF53D96269AB01600124197 /* SignUpViewController.swift in Sources */,
				1AF53D9F269AB35B00124197 /* BingoSheet.swift in Sources */,
				1AF53D9C269AB0D200124197 /* EditBingoSheetViewController.swift in Sources */,
				1AF53D8C26982BA000124197 /* FolderViewController.swift in Sources */,
				1AF53D7726981AB000124197 /* AppDelegate.swift in Sources */,
				1AF53D9A269AB07F00124197 /* CreateNewBingoSheetViewController.swift in Sources */,
				1AF53D98269AB04000124197 /* LoginViewController.swift in Sources */,
				1AF53D7926981AB000124197 /* SceneDelegate.swift in Sources */,
				1AF53D9226982DD400124197 /* SettingViewController.swift in Sources */,
				1AF53D8E26982D5200124197 /* MissionInProgressViewController.swift in Sources */,
			);
			runOnlyForDeploymentPostprocessing = 0;
		};
/* End PBXSourcesBuildPhase section */

/* Begin PBXVariantGroup section */
		1AF53D7C26981AB000124197 /* Main.storyboard */ = {
			isa = PBXVariantGroup;
			children = (
				1AF53D7D26981AB000124197 /* Base */,
			);
			name = Main.storyboard;
			sourceTree = "<group>";
		};
		1AF53D8126981AB200124197 /* LaunchScreen.storyboard */ = {
			isa = PBXVariantGroup;
			children = (
				1AF53D8226981AB200124197 /* Base */,
			);
			name = LaunchScreen.storyboard;
			sourceTree = "<group>";
		};
/* End PBXVariantGroup section */

/* Begin XCBuildConfiguration section */
		1AF53D8526981AB200124197 /* Debug */ = {
			isa = XCBuildConfiguration;
			buildSettings = {
				ALWAYS_SEARCH_USER_PATHS = NO;
				CLANG_ANALYZER_NONNULL = YES;
				CLANG_ANALYZER_NUMBER_OBJECT_CONVERSION = YES_AGGRESSIVE;
				CLANG_CXX_LANGUAGE_STANDARD = "gnu++14";
				CLANG_CXX_LIBRARY = "libc++";
				CLANG_ENABLE_MODULES = YES;
				CLANG_ENABLE_OBJC_ARC = YES;
				CLANG_ENABLE_OBJC_WEAK = YES;
				CLANG_WARN_BLOCK_CAPTURE_AUTORELEASING = YES;
				CLANG_WARN_BOOL_CONVERSION = YES;
				CLANG_WARN_COMMA = YES;
				CLANG_WARN_CONSTANT_CONVERSION = YES;
				CLANG_WARN_DEPRECATED_OBJC_IMPLEMENTATIONS = YES;
				CLANG_WARN_DIRECT_OBJC_ISA_USAGE = YES_ERROR;
				CLANG_WARN_DOCUMENTATION_COMMENTS = YES;
				CLANG_WARN_EMPTY_BODY = YES;
				CLANG_WARN_ENUM_CONVERSION = YES;
				CLANG_WARN_INFINITE_RECURSION = YES;
				CLANG_WARN_INT_CONVERSION = YES;
				CLANG_WARN_NON_LITERAL_NULL_CONVERSION = YES;
				CLANG_WARN_OBJC_IMPLICIT_RETAIN_SELF = YES;
				CLANG_WARN_OBJC_LITERAL_CONVERSION = YES;
				CLANG_WARN_OBJC_ROOT_CLASS = YES_ERROR;
				CLANG_WARN_QUOTED_INCLUDE_IN_FRAMEWORK_HEADER = YES;
				CLANG_WARN_RANGE_LOOP_ANALYSIS = YES;
				CLANG_WARN_STRICT_PROTOTYPES = YES;
				CLANG_WARN_SUSPICIOUS_MOVE = YES;
				CLANG_WARN_UNGUARDED_AVAILABILITY = YES_AGGRESSIVE;
				CLANG_WARN_UNREACHABLE_CODE = YES;
				CLANG_WARN__DUPLICATE_METHOD_MATCH = YES;
				COPY_PHASE_STRIP = NO;
				DEBUG_INFORMATION_FORMAT = dwarf;
				ENABLE_STRICT_OBJC_MSGSEND = YES;
				ENABLE_TESTABILITY = YES;
				GCC_C_LANGUAGE_STANDARD = gnu11;
				GCC_DYNAMIC_NO_PIC = NO;
				GCC_NO_COMMON_BLOCKS = YES;
				GCC_OPTIMIZATION_LEVEL = 0;
				GCC_PREPROCESSOR_DEFINITIONS = (
					"DEBUG=1",
					"$(inherited)",
				);
				GCC_WARN_64_TO_32_BIT_CONVERSION = YES;
				GCC_WARN_ABOUT_RETURN_TYPE = YES_ERROR;
				GCC_WARN_UNDECLARED_SELECTOR = YES;
				GCC_WARN_UNINITIALIZED_AUTOS = YES_AGGRESSIVE;
				GCC_WARN_UNUSED_FUNCTION = YES;
				GCC_WARN_UNUSED_VARIABLE = YES;
				IPHONEOS_DEPLOYMENT_TARGET = 14.5;
				MTL_ENABLE_DEBUG_INFO = INCLUDE_SOURCE;
				MTL_FAST_MATH = YES;
				ONLY_ACTIVE_ARCH = YES;
				SDKROOT = iphoneos;
				SWIFT_ACTIVE_COMPILATION_CONDITIONS = DEBUG;
				SWIFT_OPTIMIZATION_LEVEL = "-Onone";
			};
			name = Debug;
		};
		1AF53D8626981AB200124197 /* Release */ = {
			isa = XCBuildConfiguration;
			buildSettings = {
				ALWAYS_SEARCH_USER_PATHS = NO;
				CLANG_ANALYZER_NONNULL = YES;
				CLANG_ANALYZER_NUMBER_OBJECT_CONVERSION = YES_AGGRESSIVE;
				CLANG_CXX_LANGUAGE_STANDARD = "gnu++14";
				CLANG_CXX_LIBRARY = "libc++";
				CLANG_ENABLE_MODULES = YES;
				CLANG_ENABLE_OBJC_ARC = YES;
				CLANG_ENABLE_OBJC_WEAK = YES;
				CLANG_WARN_BLOCK_CAPTURE_AUTORELEASING = YES;
				CLANG_WARN_BOOL_CONVERSION = YES;
				CLANG_WARN_COMMA = YES;
				CLANG_WARN_CONSTANT_CONVERSION = YES;
				CLANG_WARN_DEPRECATED_OBJC_IMPLEMENTATIONS = YES;
				CLANG_WARN_DIRECT_OBJC_ISA_USAGE = YES_ERROR;
				CLANG_WARN_DOCUMENTATION_COMMENTS = YES;
				CLANG_WARN_EMPTY_BODY = YES;
				CLANG_WARN_ENUM_CONVERSION = YES;
				CLANG_WARN_INFINITE_RECURSION = YES;
				CLANG_WARN_INT_CONVERSION = YES;
				CLANG_WARN_NON_LITERAL_NULL_CONVERSION = YES;
				CLANG_WARN_OBJC_IMPLICIT_RETAIN_SELF = YES;
				CLANG_WARN_OBJC_LITERAL_CONVERSION = YES;
				CLANG_WARN_OBJC_ROOT_CLASS = YES_ERROR;
				CLANG_WARN_QUOTED_INCLUDE_IN_FRAMEWORK_HEADER = YES;
				CLANG_WARN_RANGE_LOOP_ANALYSIS = YES;
				CLANG_WARN_STRICT_PROTOTYPES = YES;
				CLANG_WARN_SUSPICIOUS_MOVE = YES;
				CLANG_WARN_UNGUARDED_AVAILABILITY = YES_AGGRESSIVE;
				CLANG_WARN_UNREACHABLE_CODE = YES;
				CLANG_WARN__DUPLICATE_METHOD_MATCH = YES;
				COPY_PHASE_STRIP = NO;
				DEBUG_INFORMATION_FORMAT = "dwarf-with-dsym";
				ENABLE_NS_ASSERTIONS = NO;
				ENABLE_STRICT_OBJC_MSGSEND = YES;
				GCC_C_LANGUAGE_STANDARD = gnu11;
				GCC_NO_COMMON_BLOCKS = YES;
				GCC_WARN_64_TO_32_BIT_CONVERSION = YES;
				GCC_WARN_ABOUT_RETURN_TYPE = YES_ERROR;
				GCC_WARN_UNDECLARED_SELECTOR = YES;
				GCC_WARN_UNINITIALIZED_AUTOS = YES_AGGRESSIVE;
				GCC_WARN_UNUSED_FUNCTION = YES;
				GCC_WARN_UNUSED_VARIABLE = YES;
				IPHONEOS_DEPLOYMENT_TARGET = 14.5;
				MTL_ENABLE_DEBUG_INFO = NO;
				MTL_FAST_MATH = YES;
				SDKROOT = iphoneos;
				SWIFT_COMPILATION_MODE = wholemodule;
				SWIFT_OPTIMIZATION_LEVEL = "-O";
				VALIDATE_PRODUCT = YES;
			};
			name = Release;
		};
		1AF53D8826981AB200124197 /* Debug */ = {
			isa = XCBuildConfiguration;
			baseConfigurationReference = A2450B72E47BBCA473C374D2 /* Pods-Mission.debug.xcconfig */;
			buildSettings = {
				ASSETCATALOG_COMPILER_APPICON_NAME = AppIcon;
				ASSETCATALOG_COMPILER_GLOBAL_ACCENT_COLOR_NAME = AccentColor;
				CODE_SIGN_STYLE = Automatic;
				DEVELOPMENT_TEAM = 8K9JFKB9X4;
				INFOPLIST_FILE = Mission/Info.plist;
				LD_RUNPATH_SEARCH_PATHS = (
					"$(inherited)",
					"@executable_path/Frameworks",
				);
				PRODUCT_BUNDLE_IDENTIFIER = com.bochan.Mission;
				PRODUCT_NAME = "$(TARGET_NAME)";
				SWIFT_VERSION = 5.0;
				TARGETED_DEVICE_FAMILY = "1,2";
			};
			name = Debug;
		};
		1AF53D8926981AB200124197 /* Release */ = {
			isa = XCBuildConfiguration;
			baseConfigurationReference = A24E4A19748CE46E21CDF486 /* Pods-Mission.release.xcconfig */;
			buildSettings = {
				ASSETCATALOG_COMPILER_APPICON_NAME = AppIcon;
				ASSETCATALOG_COMPILER_GLOBAL_ACCENT_COLOR_NAME = AccentColor;
				CODE_SIGN_STYLE = Automatic;
				DEVELOPMENT_TEAM = 8K9JFKB9X4;
				INFOPLIST_FILE = Mission/Info.plist;
				LD_RUNPATH_SEARCH_PATHS = (
					"$(inherited)",
					"@executable_path/Frameworks",
				);
				PRODUCT_BUNDLE_IDENTIFIER = com.bochan.Mission;
				PRODUCT_NAME = "$(TARGET_NAME)";
				SWIFT_VERSION = 5.0;
				TARGETED_DEVICE_FAMILY = "1,2";
			};
			name = Release;
		};
/* End XCBuildConfiguration section */

/* Begin XCConfigurationList section */
		1AF53D6E26981AB000124197 /* Build configuration list for PBXProject "Mission" */ = {
			isa = XCConfigurationList;
			buildConfigurations = (
				1AF53D8526981AB200124197 /* Debug */,
				1AF53D8626981AB200124197 /* Release */,
			);
			defaultConfigurationIsVisible = 0;
			defaultConfigurationName = Release;
		};
		1AF53D8726981AB200124197 /* Build configuration list for PBXNativeTarget "Mission" */ = {
			isa = XCConfigurationList;
			buildConfigurations = (
				1AF53D8826981AB200124197 /* Debug */,
				1AF53D8926981AB200124197 /* Release */,
			);
			defaultConfigurationIsVisible = 0;
			defaultConfigurationName = Release;
		};
/* End XCConfigurationList section */
	};
	rootObject = 1AF53D6B26981AB000124197 /* Project object */;
}
